// !$*UTF8*$!
{
	archiveVersion = 1;
	classes = {
	};
	objectVersion = 50;
	objects = {

/* Begin PBXBuildFile section */
		B08563ED225EF951008036FE /* AppDelegate.m in Sources */ = {isa = PBXBuildFile; fileRef = B08563EC225EF951008036FE /* AppDelegate.m */; };
		B08563F0225EF951008036FE /* ViewController.m in Sources */ = {isa = PBXBuildFile; fileRef = B08563EF225EF951008036FE /* ViewController.m */; };
		B08563F3225EF951008036FE /* Main.storyboard in Resources */ = {isa = PBXBuildFile; fileRef = B08563F1225EF951008036FE /* Main.storyboard */; };
		B08563F5225EF952008036FE /* Assets.xcassets in Resources */ = {isa = PBXBuildFile; fileRef = B08563F4225EF952008036FE /* Assets.xcassets */; };
		B08563F8225EF952008036FE /* LaunchScreen.storyboard in Resources */ = {isa = PBXBuildFile; fileRef = B08563F6225EF952008036FE /* LaunchScreen.storyboard */; };
		B08563FB225EF952008036FE /* main.m in Sources */ = {isa = PBXBuildFile; fileRef = B08563FA225EF952008036FE /* main.m */; };
/* End PBXBuildFile section */

/* Begin PBXFileReference section */
		B08563E8225EF951008036FE /* autoBuildPkg.app */ = {isa = PBXFileReference; explicitFileType = wrapper.application; includeInIndex = 0; path = autoBuildPkg.app; sourceTree = BUILT_PRODUCTS_DIR; };
		B08563EB225EF951008036FE /* AppDelegate.h */ = {isa = PBXFileReference; lastKnownFileType = sourcecode.c.h; path = AppDelegate.h; sourceTree = "<group>"; };
		B08563EC225EF951008036FE /* AppDelegate.m */ = {isa = PBXFileReference; lastKnownFileType = sourcecode.c.objc; path = AppDelegate.m; sourceTree = "<group>"; };
		B08563EE225EF951008036FE /* ViewController.h */ = {isa = PBXFileReference; lastKnownFileType = sourcecode.c.h; path = ViewController.h; sourceTree = "<group>"; };
		B08563EF225EF951008036FE /* ViewController.m */ = {isa = PBXFileReference; lastKnownFileType = sourcecode.c.objc; path = ViewController.m; sourceTree = "<group>"; };
		B08563F2225EF951008036FE /* Base */ = {isa = PBXFileReference; lastKnownFileType = file.storyboard; name = Base; path = Base.lproj/Main.storyboard; sourceTree = "<group>"; };
		B08563F4225EF952008036FE /* Assets.xcassets */ = {isa = PBXFileReference; lastKnownFileType = folder.assetcatalog; path = Assets.xcassets; sourceTree = "<group>"; };
		B08563F7225EF952008036FE /* Base */ = {isa = PBXFileReference; lastKnownFileType = file.storyboard; name = Base; path = Base.lproj/LaunchScreen.storyboard; sourceTree = "<group>"; };
		B08563F9225EF952008036FE /* Info.plist */ = {isa = PBXFileReference; lastKnownFileType = text.plist.xml; path = Info.plist; sourceTree = "<group>"; };
		B08563FA225EF952008036FE /* main.m */ = {isa = PBXFileReference; lastKnownFileType = sourcecode.c.objc; path = main.m; sourceTree = "<group>"; };
/* End PBXFileReference section */

/* Begin PBXFrameworksBuildPhase section */
		B08563E5225EF951008036FE /* Frameworks */ = {
			isa = PBXFrameworksBuildPhase;
			buildActionMask = 2147483647;
			files = (
			);
			runOnlyForDeploymentPostprocessing = 0;
		};
/* End PBXFrameworksBuildPhase section */

/* Begin PBXGroup section */
		293301DE4DE31AD90CB6B61E /* Frameworks */ = {
			isa = PBXGroup;
			children = (
			);
			name = Frameworks;
			sourceTree = "<group>";
		};
		B08563DF225EF951008036FE = {
			isa = PBXGroup;
			children = (
				B08563EA225EF951008036FE /* autoBuildPkg */,
				B08563E9225EF951008036FE /* Products */,
				293301DE4DE31AD90CB6B61E /* Frameworks */,
			);
			sourceTree = "<group>";
		};
		B08563E9225EF951008036FE /* Products */ = {
			isa = PBXGroup;
			children = (
				B08563E8225EF951008036FE /* autoBuildPkg.app */,
			);
			name = Products;
			sourceTree = "<group>";
		};
		B08563EA225EF951008036FE /* autoBuildPkg */ = {
			isa = PBXGroup;
			children = (
				B08563EB225EF951008036FE /* AppDelegate.h */,
				B08563EC225EF951008036FE /* AppDelegate.m */,
				B08563EE225EF951008036FE /* ViewController.h */,
				B08563EF225EF951008036FE /* ViewController.m */,
				B08563F1225EF951008036FE /* Main.storyboard */,
				B08563F4225EF952008036FE /* Assets.xcassets */,
				B08563F6225EF952008036FE /* LaunchScreen.storyboard */,
				B08563F9225EF952008036FE /* Info.plist */,
				B08563FA225EF952008036FE /* main.m */,
			);
			path = autoBuildPkg;
			sourceTree = "<group>";
		};
/* End PBXGroup section */

/* Begin PBXNativeTarget section */
		B08563E7225EF951008036FE /* autoBuildPkg */ = {
			isa = PBXNativeTarget;
			buildConfigurationList = B08563FE225EF952008036FE /* Build configuration list for PBXNativeTarget "autoBuildPkg" */;
			buildPhases = (
				B08563E4225EF951008036FE /* Sources */,
				B08563E5225EF951008036FE /* Frameworks */,
				B08563E6225EF951008036FE /* Resources */,
			);
			buildRules = (
			);
			dependencies = (
			);
			name = autoBuildPkg;
			productName = autoBuildPkg;
			productReference = B08563E8225EF951008036FE /* autoBuildPkg.app */;
			productType = "com.apple.product-type.application";
		};
/* End PBXNativeTarget section */

/* Begin PBXProject section */
		B08563E0225EF951008036FE /* Project object */ = {
			isa = PBXProject;
			attributes = {
				LastUpgradeCheck = 1020;
				ORGANIZATIONNAME = "KMF-Engineering";
				TargetAttributes = {
					B08563E7225EF951008036FE = {
						CreatedOnToolsVersion = 10.2;
					};
				};
			};
			buildConfigurationList = B08563E3225EF951008036FE /* Build configuration list for PBXProject "autoBuildPkg" */;
			compatibilityVersion = "Xcode 9.3";
			developmentRegion = en;
			hasScannedForEncodings = 0;
			knownRegions = (
				en,
				Base,
			);
			mainGroup = B08563DF225EF951008036FE;
			productRefGroup = B08563E9225EF951008036FE /* Products */;
			projectDirPath = "";
			projectRoot = "";
			targets = (
				B08563E7225EF951008036FE /* autoBuildPkg */,
			);
		};
/* End PBXProject section */

/* Begin PBXResourcesBuildPhase section */
		B08563E6225EF951008036FE /* Resources */ = {
			isa = PBXResourcesBuildPhase;
			buildActionMask = 2147483647;
			files = (
				B08563F8225EF952008036FE /* LaunchScreen.storyboard in Resources */,
				B08563F5225EF952008036FE /* Assets.xcassets in Resources */,
				B08563F3225EF951008036FE /* Main.storyboard in Resources */,
			);
			runOnlyForDeploymentPostprocessing = 0;
		};
/* End PBXResourcesBuildPhase section */

/* Begin PBXSourcesBuildPhase section */
		B08563E4225EF951008036FE /* Sources */ = {
			isa = PBXSourcesBuildPhase;
			buildActionMask = 2147483647;
			files = (
				B08563F0225EF951008036FE /* ViewController.m in Sources */,
				B08563FB225EF952008036FE /* main.m in Sources */,
				B08563ED225EF951008036FE /* AppDelegate.m in Sources */,
			);
			runOnlyForDeploymentPostprocessing = 0;
		};
/* End PBXSourcesBuildPhase section */

/* Begin PBXVariantGroup section */
		B08563F1225EF951008036FE /* Main.storyboard */ = {
			isa = PBXVariantGroup;
			children = (
				B08563F2225EF951008036FE /* Base */,
			);
			name = Main.storyboard;
			sourceTree = "<group>";
		};
		B08563F6225EF952008036FE /* LaunchScreen.storyboard */ = {
			isa = PBXVariantGroup;
			children = (
				B08563F7225EF952008036FE /* Base */,
			);
			name = LaunchScreen.storyboard;
			sourceTree = "<group>";
		};
/* End PBXVariantGroup section */

/* Begin XCBuildConfiguration section */
		B08563FC225EF952008036FE /* Debug */ = {
			isa = XCBuildConfiguration;
			buildSettings = {
				ALWAYS_SEARCH_USER_PATHS = NO;
				CLANG_ANALYZER_NONNULL = YES;
				CLANG_ANALYZER_NUMBER_OBJECT_CONVERSION = YES_AGGRESSIVE;
				CLANG_CXX_LANGUAGE_STANDARD = "gnu++14";
				CLANG_CXX_LIBRARY = "libc++";
				CLANG_ENABLE_MODULES = YES;
				CLANG_ENABLE_OBJC_ARC = YES;
				CLANG_ENABLE_OBJC_WEAK = YES;
				CLANG_WARN_BLOCK_CAPTURE_AUTORELEASING = YES;
				CLANG_WARN_BOOL_CONVERSION = YES;
				CLANG_WARN_COMMA = YES;
				CLANG_WARN_CONSTANT_CONVERSION = YES;
				CLANG_WARN_DEPRECATED_OBJC_IMPLEMENTATIONS = YES;
				CLANG_WARN_DIRECT_OBJC_ISA_USAGE = YES_ERROR;
				CLANG_WARN_DOCUMENTATION_COMMENTS = YES;
				CLANG_WARN_EMPTY_BODY = YES;
				CLANG_WARN_ENUM_CONVERSION = YES;
				CLANG_WARN_INFINITE_RECURSION = YES;
				CLANG_WARN_INT_CONVERSION = YES;
				CLANG_WARN_NON_LITERAL_NULL_CONVERSION = YES;
				CLANG_WARN_OBJC_IMPLICIT_RETAIN_SELF = YES;
				CLANG_WARN_OBJC_LITERAL_CONVERSION = YES;
				CLANG_WARN_OBJC_ROOT_CLASS = YES_ERROR;
				CLANG_WARN_RANGE_LOOP_ANALYSIS = YES;
				CLANG_WARN_STRICT_PROTOTYPES = YES;
				CLANG_WARN_SUSPICIOUS_MOVE = YES;
				CLANG_WARN_UNGUARDED_AVAILABILITY = YES_AGGRESSIVE;
				CLANG_WARN_UNREACHABLE_CODE = YES;
				CLANG_WARN__DUPLICATE_METHOD_MATCH = YES;
				CODE_SIGN_IDENTITY = "iPhone Developer";
				COPY_PHASE_STRIP = NO;
				DEBUG_INFORMATION_FORMAT = dwarf;
				ENABLE_STRICT_OBJC_MSGSEND = YES;
				ENABLE_TESTABILITY = YES;
				GCC_C_LANGUAGE_STANDARD = gnu11;
				GCC_DYNAMIC_NO_PIC = NO;
				GCC_NO_COMMON_BLOCKS = YES;
				GCC_OPTIMIZATION_LEVEL = 0;
				GCC_PREPROCESSOR_DEFINITIONS = (
					"DEBUG=1",
					"$(inherited)",
				);
				GCC_WARN_64_TO_32_BIT_CONVERSION = YES;
				GCC_WARN_ABOUT_RETURN_TYPE = YES_ERROR;
				GCC_WARN_UNDECLARED_SELECTOR = YES;
				GCC_WARN_UNINITIALIZED_AUTOS = YES_AGGRESSIVE;
				GCC_WARN_UNUSED_FUNCTION = YES;
				GCC_WARN_UNUSED_VARIABLE = YES;
				IPHONEOS_DEPLOYMENT_TARGET = 12.2;
				MTL_ENABLE_DEBUG_INFO = INCLUDE_SOURCE;
				MTL_FAST_MATH = YES;
				ONLY_ACTIVE_ARCH = YES;
				SDKROOT = iphoneos;
			};
			name = Debug;
		};
		B08563FD225EF952008036FE /* Release */ = {
			isa = XCBuildConfiguration;
			buildSettings = {
				ALWAYS_SEARCH_USER_PATHS = NO;
				CLANG_ANALYZER_NONNULL = YES;
				CLANG_ANALYZER_NUMBER_OBJECT_CONVERSION = YES_AGGRESSIVE;
				CLANG_CXX_LANGUAGE_STANDARD = "gnu++14";
				CLANG_CXX_LIBRARY = "libc++";
				CLANG_ENABLE_MODULES = YES;
				CLANG_ENABLE_OBJC_ARC = YES;
				CLANG_ENABLE_OBJC_WEAK = YES;
				CLANG_WARN_BLOCK_CAPTURE_AUTORELEASING = YES;
				CLANG_WARN_BOOL_CONVERSION = YES;
				CLANG_WARN_COMMA = YES;
				CLANG_WARN_CONSTANT_CONVERSION = YES;
				CLANG_WARN_DEPRECATED_OBJC_IMPLEMENTATIONS = YES;
				CLANG_WARN_DIRECT_OBJC_ISA_USAGE = YES_ERROR;
				CLANG_WARN_DOCUMENTATION_COMMENTS = YES;
				CLANG_WARN_EMPTY_BODY = YES;
				CLANG_WARN_ENUM_CONVERSION = YES;
				CLANG_WARN_INFINITE_RECURSION = YES;
				CLANG_WARN_INT_CONVERSION = YES;
				CLANG_WARN_NON_LITERAL_NULL_CONVERSION = YES;
				CLANG_WARN_OBJC_IMPLICIT_RETAIN_SELF = YES;
				CLANG_WARN_OBJC_LITERAL_CONVERSION = YES;
				CLANG_WARN_OBJC_ROOT_CLASS = YES_ERROR;
				CLANG_WARN_RANGE_LOOP_ANALYSIS = YES;
				CLANG_WARN_STRICT_PROTOTYPES = YES;
				CLANG_WARN_SUSPICIOUS_MOVE = YES;
				CLANG_WARN_UNGUARDED_AVAILABILITY = YES_AGGRESSIVE;
				CLANG_WARN_UNREACHABLE_CODE = YES;
				CLANG_WARN__DUPLICATE_METHOD_MATCH = YES;
				CODE_SIGN_IDENTITY = "iPhone Developer";
				COPY_PHASE_STRIP = NO;
				DEBUG_INFORMATION_FORMAT = "dwarf-with-dsym";
				ENABLE_NS_ASSERTIONS = NO;
				ENABLE_STRICT_OBJC_MSGSEND = YES;
				GCC_C_LANGUAGE_STANDARD = gnu11;
				GCC_NO_COMMON_BLOCKS = YES;
				GCC_WARN_64_TO_32_BIT_CONVERSION = YES;
				GCC_WARN_ABOUT_RETURN_TYPE = YES_ERROR;
				GCC_WARN_UNDECLARED_SELECTOR = YES;
				GCC_WARN_UNINITIALIZED_AUTOS = YES_AGGRESSIVE;
				GCC_WARN_UNUSED_FUNCTION = YES;
				GCC_WARN_UNUSED_VARIABLE = YES;
				IPHONEOS_DEPLOYMENT_TARGET = 12.2;
				MTL_ENABLE_DEBUG_INFO = NO;
				MTL_FAST_MATH = YES;
				SDKROOT = iphoneos;
				VALIDATE_PRODUCT = YES;
			};
			name = Release;
		};
		B08563FF225EF952008036FE /* Debug */ = {
			isa = XCBuildConfiguration;
			buildSettings = {
				ASSETCATALOG_COMPILER_APPICON_NAME = AppIcon;
				CODE_SIGN_STYLE = Automatic;
				DEVELOPMENT_TEAM = ZT38DY35DB;
				INFOPLIST_FILE = autoBuildPkg/Info.plist;
				LD_RUNPATH_SEARCH_PATHS = (
					"$(inherited)",
					"@executable_path/Frameworks",
				);
				PRODUCT_BUNDLE_IDENTIFIER = com.enhance.autoBuildPkg;
				PRODUCT_NAME = "$(TARGET_NAME)";
				TARGETED_DEVICE_FAMILY = "1,2";
			};
			name = Debug;
		};
		B0856400225EF952008036FE /* Release */ = {
			isa = XCBuildConfiguration;
			buildSettings = {
				ASSETCATALOG_COMPILER_APPICON_NAME = AppIcon;
				CODE_SIGN_STYLE = Automatic;
				DEVELOPMENT_TEAM = ZT38DY35DB;
				INFOPLIST_FILE = autoBuildPkg/Info.plist;
				LD_RUNPATH_SEARCH_PATHS = (
					"$(inherited)",
					"@executable_path/Frameworks",
				);
				PRODUCT_BUNDLE_IDENTIFIER = com.enhance.autoBuildPkg;
				PRODUCT_NAME = "$(TARGET_NAME)";
				TARGETED_DEVICE_FAMILY = "1,2";
			};
			name = Release;
		};
/* End XCBuildConfiguration section */

/* Begin XCConfigurationList section */
		B08563E3225EF951008036FE /* Build configuration list for PBXProject "autoBuildPkg" */ = {
			isa = XCConfigurationList;
			buildConfigurations = (
				B08563FC225EF952008036FE /* Debug */,
				B08563FD225EF952008036FE /* Release */,
			);
			defaultConfigurationIsVisible = 0;
			defaultConfigurationName = Release;
		};
		B08563FE225EF952008036FE /* Build configuration list for PBXNativeTarget "autoBuildPkg" */ = {
			isa = XCConfigurationList;
			buildConfigurations = (
				B08563FF225EF952008036FE /* Debug */,
				B0856400225EF952008036FE /* Release */,
			);
			defaultConfigurationIsVisible = 0;
			defaultConfigurationName = Release;
		};
/* End XCConfigurationList section */
	};
	rootObject = B08563E0225EF951008036FE /* Project object */;
}
